
Microsoft Visual Studio Solution File, Format Version 12.00
# Visual Studio Version 16
VisualStudioVersion = 16.0.31005.135
MinimumVisualStudioVersion = 10.0.40219.1
Project("{FAE04EC0-301F-11D3-BF4B-00C04F79EFBC}") = "NotelyRestApi", "Notely_RestAPI\NotelyRestApi.csproj", "{77F5AA95-35AE-4AEA-8AC0-756691B447FF}"
EndProject
Global
	GlobalSection(SolutionConfigurationPlatforms) = preSolution
		Debug|Any CPU = Debug|Any CPU
		Release|Any CPU = Release|Any CPU
	EndGlobalSection
	GlobalSection(ProjectConfigurationPlatforms) = postSolution
		{77F5AA95-35AE-4AEA-8AC0-756691B447FF}.Debug|Any CPU.ActiveCfg = Debug|Any CPU
		{77F5AA95-35AE-4AEA-8AC0-756691B447FF}.Debug|Any CPU.Build.0 = Debug|Any CPU
		{77F5AA95-35AE-4AEA-8AC0-756691B447FF}.Release|Any CPU.ActiveCfg = Release|Any CPU
		{77F5AA95-35AE-4AEA-8AC0-756691B447FF}.Release|Any CPU.Build.0 = Release|Any CPU
	EndGlobalSection
	GlobalSection(SolutionProperties) = preSolution
		HideSolutionNode = FALSE
	EndGlobalSection
	GlobalSection(ExtensibilityGlobals) = postSolution
		SolutionGuid = {7AB9ACB3-286F-4CB7-A3E9-2766A8084F72}
	EndGlobalSection
EndGlobal
